PODS:
  - Alamofire (5.4.1)
  - BadgeHub (1.0.0)
  - IQKeyboardManagerSwift (6.5.6)
  - Stripe (21.2.1):
    - Stripe/Stripe3DS2 (= 21.2.1)
  - Stripe/Stripe3DS2 (21.2.1)

DEPENDENCIES:
  - Alamofire
  - BadgeHub
  - IQKeyboardManagerSwift
  - Stripe

SPEC REPOS:
  trunk:
    - Alamofire
    - BadgeHub
    - IQKeyboardManagerSwift
    - Stripe

SPEC CHECKSUMS:
  Alamofire: 2291f7d21ca607c491dd17642e5d40fdcda0e65c
  BadgeHub: b227771329f78c37a2dae7502607ec6d00a50bd4
  IQKeyboardManagerSwift: c7df9d2deb356c04522f5c4b7b6e4ce4d8ed94fe
  Stripe: ff769d6739fbb7a60592bf665fc0e0df7db0c284

PODFILE CHECKSUM: 05a2609b14b12a4c6b803aef3702d252436aa131

COCOAPODS: 1.10.1
