// !$*UTF8*$!
{
	archiveVersion = 1;
	classes = {
	};
	objectVersion = 51;
	objects = {

/* Begin PBXBuildFile section */
		1D236D022430204800BF3412 /* AppDelegate.swift in Sources */ = {isa = PBXBuildFile; fileRef = 1D236D012430204800BF3412 /* AppDelegate.swift */; };
		1D236D042430204800BF3412 /* SceneDelegate.swift in Sources */ = {isa = PBXBuildFile; fileRef = 1D236D032430204800BF3412 /* SceneDelegate.swift */; };
		1D236D062430204800BF3412 /* ViewController.swift in Sources */ = {isa = PBXBuildFile; fileRef = 1D236D052430204800BF3412 /* ViewController.swift */; };
		1D236D092430204800BF3412 /* Main.storyboard in Resources */ = {isa = PBXBuildFile; fileRef = 1D236D072430204800BF3412 /* Main.storyboard */; };
		1D236D0C2430204800BF3412 /* Drinkz.xcdatamodeld in Sources */ = {isa = PBXBuildFile; fileRef = 1D236D0A2430204800BF3412 /* Drinkz.xcdatamodeld */; };
		1D236D0E2430204B00BF3412 /* Assets.xcassets in Resources */ = {isa = PBXBuildFile; fileRef = 1D236D0D2430204B00BF3412 /* Assets.xcassets */; };
		1D236D112430204B00BF3412 /* LaunchScreen.storyboard in Resources */ = {isa = PBXBuildFile; fileRef = 1D236D0F2430204B00BF3412 /* LaunchScreen.storyboard */; };
		1D236D192430346300BF3412 /* Podfile in Resources */ = {isa = PBXBuildFile; fileRef = 1D236D182430346300BF3412 /* Podfile */; };
		1D9019362431913400289FA5 /* DrinkTableViewCell.swift in Sources */ = {isa = PBXBuildFile; fileRef = 1D9019352431913400289FA5 /* DrinkTableViewCell.swift */; };
		1D90193A243191E200289FA5 /* DrinkListTableViewController.swift in Sources */ = {isa = PBXBuildFile; fileRef = 1D901939243191E200289FA5 /* DrinkListTableViewController.swift */; };
		1D90193C24319C8B00289FA5 /* Drink.swift in Sources */ = {isa = PBXBuildFile; fileRef = 1D90193B24319C8B00289FA5 /* Drink.swift */; };
		1D90193E24319DB000289FA5 /* DrinkViewController.swift in Sources */ = {isa = PBXBuildFile; fileRef = 1D90193D24319DB000289FA5 /* DrinkViewController.swift */; };
		62A58222A61B4B294636731D /* Pods_Drinkz.framework in Frameworks */ = {isa = PBXBuildFile; fileRef = B33A8D52A00DC41E6DD4A979 /* Pods_Drinkz.framework */; };
/* End PBXBuildFile section */

/* Begin PBXFileReference section */
		1D236CFE2430204800BF3412 /* Drinkz.app */ = {isa = PBXFileReference; explicitFileType = wrapper.application; includeInIndex = 0; path = Drinkz.app; sourceTree = BUILT_PRODUCTS_DIR; };
		1D236D012430204800BF3412 /* AppDelegate.swift */ = {isa = PBXFileReference; lastKnownFileType = sourcecode.swift; path = AppDelegate.swift; sourceTree = "<group>"; };
		1D236D032430204800BF3412 /* SceneDelegate.swift */ = {isa = PBXFileReference; lastKnownFileType = sourcecode.swift; path = SceneDelegate.swift; sourceTree = "<group>"; };
		1D236D052430204800BF3412 /* ViewController.swift */ = {isa = PBXFileReference; lastKnownFileType = sourcecode.swift; path = ViewController.swift; sourceTree = "<group>"; };
		1D236D082430204800BF3412 /* Base */ = {isa = PBXFileReference; lastKnownFileType = file.storyboard; name = Base; path = Base.lproj/Main.storyboard; sourceTree = "<group>"; };
		1D236D0B2430204800BF3412 /* Drinkz.xcdatamodel */ = {isa = PBXFileReference; lastKnownFileType = wrapper.xcdatamodel; path = Drinkz.xcdatamodel; sourceTree = "<group>"; };
		1D236D0D2430204B00BF3412 /* Assets.xcassets */ = {isa = PBXFileReference; lastKnownFileType = folder.assetcatalog; path = Assets.xcassets; sourceTree = "<group>"; };
		1D236D102430204B00BF3412 /* Base */ = {isa = PBXFileReference; lastKnownFileType = file.storyboard; name = Base; path = Base.lproj/LaunchScreen.storyboard; sourceTree = "<group>"; };
		1D236D122430204B00BF3412 /* Info.plist */ = {isa = PBXFileReference; lastKnownFileType = text.plist.xml; path = Info.plist; sourceTree = "<group>"; };
		1D236D182430346300BF3412 /* Podfile */ = {isa = PBXFileReference; lastKnownFileType = text; path = Podfile; sourceTree = "<group>"; };
		1D9019352431913400289FA5 /* DrinkTableViewCell.swift */ = {isa = PBXFileReference; lastKnownFileType = sourcecode.swift; path = DrinkTableViewCell.swift; sourceTree = "<group>"; };
		1D901939243191E200289FA5 /* DrinkListTableViewController.swift */ = {isa = PBXFileReference; lastKnownFileType = sourcecode.swift; path = DrinkListTableViewController.swift; sourceTree = "<group>"; };
		1D90193B24319C8B00289FA5 /* Drink.swift */ = {isa = PBXFileReference; lastKnownFileType = sourcecode.swift; path = Drink.swift; sourceTree = "<group>"; };
		1D90193D24319DB000289FA5 /* DrinkViewController.swift */ = {isa = PBXFileReference; lastKnownFileType = sourcecode.swift; path = DrinkViewController.swift; sourceTree = "<group>"; };
		5D5F46816E86C94E33E75328 /* Pods-Drinkz.debug.xcconfig */ = {isa = PBXFileReference; includeInIndex = 1; lastKnownFileType = text.xcconfig; name = "Pods-Drinkz.debug.xcconfig"; path = "Target Support Files/Pods-Drinkz/Pods-Drinkz.debug.xcconfig"; sourceTree = "<group>"; };
		B33A8D52A00DC41E6DD4A979 /* Pods_Drinkz.framework */ = {isa = PBXFileReference; explicitFileType = wrapper.framework; includeInIndex = 0; path = Pods_Drinkz.framework; sourceTree = BUILT_PRODUCTS_DIR; };
		E8B3313C643411894E32E613 /* Pods-Drinkz.release.xcconfig */ = {isa = PBXFileReference; includeInIndex = 1; lastKnownFileType = text.xcconfig; name = "Pods-Drinkz.release.xcconfig"; path = "Target Support Files/Pods-Drinkz/Pods-Drinkz.release.xcconfig"; sourceTree = "<group>"; };
/* End PBXFileReference section */

/* Begin PBXFrameworksBuildPhase section */
		1D236CFB2430204800BF3412 /* Frameworks */ = {
			isa = PBXFrameworksBuildPhase;
			buildActionMask = 2147483647;
			files = (
				62A58222A61B4B294636731D /* Pods_Drinkz.framework in Frameworks */,
			);
			runOnlyForDeploymentPostprocessing = 0;
		};
/* End PBXFrameworksBuildPhase section */

/* Begin PBXGroup section */
		1D236CF52430204800BF3412 = {
			isa = PBXGroup;
			children = (
				1D236D182430346300BF3412 /* Podfile */,
				1D236D002430204800BF3412 /* Drinkz */,
				1D236CFF2430204800BF3412 /* Products */,
				6A36DF85D2747142C0759F4D /* Pods */,
				9D91CC6F1D725A0E725F8EA4 /* Frameworks */,
			);
			sourceTree = "<group>";
		};
		1D236CFF2430204800BF3412 /* Products */ = {
			isa = PBXGroup;
			children = (
				1D236CFE2430204800BF3412 /* Drinkz.app */,
			);
			name = Products;
			sourceTree = "<group>";
		};
		1D236D002430204800BF3412 /* Drinkz */ = {
			isa = PBXGroup;
			children = (
				1D90193D24319DB000289FA5 /* DrinkViewController.swift */,
				1D236D012430204800BF3412 /* AppDelegate.swift */,
				1D236D032430204800BF3412 /* SceneDelegate.swift */,
				1D236D052430204800BF3412 /* ViewController.swift */,
				1D236D072430204800BF3412 /* Main.storyboard */,
				1D9019352431913400289FA5 /* DrinkTableViewCell.swift */,
				1D236D0D2430204B00BF3412 /* Assets.xcassets */,
				1D236D0F2430204B00BF3412 /* LaunchScreen.storyboard */,
				1D236D122430204B00BF3412 /* Info.plist */,
				1D236D0A2430204800BF3412 /* Drinkz.xcdatamodeld */,
				1D901939243191E200289FA5 /* DrinkListTableViewController.swift */,
				1D90193B24319C8B00289FA5 /* Drink.swift */,
			);
			path = Drinkz;
			sourceTree = "<group>";
		};
		6A36DF85D2747142C0759F4D /* Pods */ = {
			isa = PBXGroup;
			children = (
				5D5F46816E86C94E33E75328 /* Pods-Drinkz.debug.xcconfig */,
				E8B3313C643411894E32E613 /* Pods-Drinkz.release.xcconfig */,
			);
			path = Pods;
			sourceTree = "<group>";
		};
		9D91CC6F1D725A0E725F8EA4 /* Frameworks */ = {
			isa = PBXGroup;
			children = (
				B33A8D52A00DC41E6DD4A979 /* Pods_Drinkz.framework */,
			);
			name = Frameworks;
			sourceTree = "<group>";
		};
/* End PBXGroup section */

/* Begin PBXNativeTarget section */
		1D236CFD2430204800BF3412 /* Drinkz */ = {
			isa = PBXNativeTarget;
			buildConfigurationList = 1D236D152430204B00BF3412 /* Build configuration list for PBXNativeTarget "Drinkz" */;
			buildPhases = (
				D3996BB25A104395F1CA8780 /* [CP] Check Pods Manifest.lock */,
				1D236CFA2430204800BF3412 /* Sources */,
				1D236CFB2430204800BF3412 /* Frameworks */,
				1D236CFC2430204800BF3412 /* Resources */,
				54CF519AEACCE8151C309C61 /* [CP] Embed Pods Frameworks */,
			);
			buildRules = (
			);
			dependencies = (
			);
			name = Drinkz;
			productName = Drinkz;
			productReference = 1D236CFE2430204800BF3412 /* Drinkz.app */;
			productType = "com.apple.product-type.application";
		};
/* End PBXNativeTarget section */

/* Begin PBXProject section */
		1D236CF62430204800BF3412 /* Project object */ = {
			isa = PBXProject;
			attributes = {
				LastSwiftUpdateCheck = 1130;
				LastUpgradeCheck = 1130;
				ORGANIZATIONNAME = "Peter Vail Driscoll II";
				TargetAttributes = {
					1D236CFD2430204800BF3412 = {
						CreatedOnToolsVersion = 11.3.1;
					};
				};
			};
			buildConfigurationList = 1D236CF92430204800BF3412 /* Build configuration list for PBXProject "Drinkz" */;
			compatibilityVersion = "Xcode 9.3";
			developmentRegion = en;
			hasScannedForEncodings = 0;
			knownRegions = (
				en,
				Base,
			);
			mainGroup = 1D236CF52430204800BF3412;
			productRefGroup = 1D236CFF2430204800BF3412 /* Products */;
			projectDirPath = "";
			projectRoot = "";
			targets = (
				1D236CFD2430204800BF3412 /* Drinkz */,
			);
		};
/* End PBXProject section */

/* Begin PBXResourcesBuildPhase section */
		1D236CFC2430204800BF3412 /* Resources */ = {
			isa = PBXResourcesBuildPhase;
			buildActionMask = 2147483647;
			files = (
				1D236D112430204B00BF3412 /* LaunchScreen.storyboard in Resources */,
				1D236D0E2430204B00BF3412 /* Assets.xcassets in Resources */,
				1D236D192430346300BF3412 /* Podfile in Resources */,
				1D236D092430204800BF3412 /* Main.storyboard in Resources */,
			);
			runOnlyForDeploymentPostprocessing = 0;
		};
/* End PBXResourcesBuildPhase section */

/* Begin PBXShellScriptBuildPhase section */
		54CF519AEACCE8151C309C61 /* [CP] Embed Pods Frameworks */ = {
			isa = PBXShellScriptBuildPhase;
			buildActionMask = 2147483647;
			files = (
			);
			inputFileListPaths = (
				"${PODS_ROOT}/Target Support Files/Pods-Drinkz/Pods-Drinkz-frameworks-${CONFIGURATION}-input-files.xcfilelist",
			);
			name = "[CP] Embed Pods Frameworks";
			outputFileListPaths = (
				"${PODS_ROOT}/Target Support Files/Pods-Drinkz/Pods-Drinkz-frameworks-${CONFIGURATION}-output-files.xcfilelist",
			);
			runOnlyForDeploymentPostprocessing = 0;
			shellPath = /bin/sh;
			shellScript = "\"${PODS_ROOT}/Target Support Files/Pods-Drinkz/Pods-Drinkz-frameworks.sh\"\n";
			showEnvVarsInLog = 0;
		};
		D3996BB25A104395F1CA8780 /* [CP] Check Pods Manifest.lock */ = {
			isa = PBXShellScriptBuildPhase;
			buildActionMask = 2147483647;
			files = (
			);
			inputFileListPaths = (
			);
			inputPaths = (
				"${PODS_PODFILE_DIR_PATH}/Podfile.lock",
				"${PODS_ROOT}/Manifest.lock",
			);
			name = "[CP] Check Pods Manifest.lock";
			outputFileListPaths = (
			);
			outputPaths = (
				"$(DERIVED_FILE_DIR)/Pods-Drinkz-checkManifestLockResult.txt",
			);
			runOnlyForDeploymentPostprocessing = 0;
			shellPath = /bin/sh;
			shellScript = "diff \"${PODS_PODFILE_DIR_PATH}/Podfile.lock\" \"${PODS_ROOT}/Manifest.lock\" > /dev/null\nif [ $? != 0 ] ; then\n    # print error to STDERR\n    echo \"error: The sandbox is not in sync with the Podfile.lock. Run 'pod install' or update your CocoaPods installation.\" >&2\n    exit 1\nfi\n# This output is used by Xcode 'outputs' to avoid re-running this script phase.\necho \"SUCCESS\" > \"${SCRIPT_OUTPUT_FILE_0}\"\n";
			showEnvVarsInLog = 0;
		};
/* End PBXShellScriptBuildPhase section */

/* Begin PBXSourcesBuildPhase section */
		1D236CFA2430204800BF3412 /* Sources */ = {
			isa = PBXSourcesBuildPhase;
			buildActionMask = 2147483647;
			files = (
				1D236D062430204800BF3412 /* ViewController.swift in Sources */,
				1D236D0C2430204800BF3412 /* Drinkz.xcdatamodeld in Sources */,
				1D90193A243191E200289FA5 /* DrinkListTableViewController.swift in Sources */,
				1D90193E24319DB000289FA5 /* DrinkViewController.swift in Sources */,
				1D236D022430204800BF3412 /* AppDelegate.swift in Sources */,
				1D9019362431913400289FA5 /* DrinkTableViewCell.swift in Sources */,
				1D90193C24319C8B00289FA5 /* Drink.swift in Sources */,
				1D236D042430204800BF3412 /* SceneDelegate.swift in Sources */,
			);
			runOnlyForDeploymentPostprocessing = 0;
		};
/* End PBXSourcesBuildPhase section */

/* Begin PBXVariantGroup section */
		1D236D072430204800BF3412 /* Main.storyboard */ = {
			isa = PBXVariantGroup;
			children = (
				1D236D082430204800BF3412 /* Base */,
			);
			name = Main.storyboard;
			sourceTree = "<group>";
		};
		1D236D0F2430204B00BF3412 /* LaunchScreen.storyboard */ = {
			isa = PBXVariantGroup;
			children = (
				1D236D102430204B00BF3412 /* Base */,
			);
			name = LaunchScreen.storyboard;
			sourceTree = "<group>";
		};
/* End PBXVariantGroup section */

/* Begin XCBuildConfiguration section */
		1D236D132430204B00BF3412 /* Debug */ = {
			isa = XCBuildConfiguration;
			buildSettings = {
				ALWAYS_SEARCH_USER_PATHS = NO;
				CLANG_ANALYZER_NONNULL = YES;
				CLANG_ANALYZER_NUMBER_OBJECT_CONVERSION = YES_AGGRESSIVE;
				CLANG_CXX_LANGUAGE_STANDARD = "gnu++14";
				CLANG_CXX_LIBRARY = "libc++";
				CLANG_ENABLE_MODULES = YES;
				CLANG_ENABLE_OBJC_ARC = YES;
				CLANG_ENABLE_OBJC_WEAK = YES;
				CLANG_WARN_BLOCK_CAPTURE_AUTORELEASING = YES;
				CLANG_WARN_BOOL_CONVERSION = YES;
				CLANG_WARN_COMMA = YES;
				CLANG_WARN_CONSTANT_CONVERSION = YES;
				CLANG_WARN_DEPRECATED_OBJC_IMPLEMENTATIONS = YES;
				CLANG_WARN_DIRECT_OBJC_ISA_USAGE = YES_ERROR;
				CLANG_WARN_DOCUMENTATION_COMMENTS = YES;
				CLANG_WARN_EMPTY_BODY = YES;
				CLANG_WARN_ENUM_CONVERSION = YES;
				CLANG_WARN_INFINITE_RECURSION = YES;
				CLANG_WARN_INT_CONVERSION = YES;
				CLANG_WARN_NON_LITERAL_NULL_CONVERSION = YES;
				CLANG_WARN_OBJC_IMPLICIT_RETAIN_SELF = YES;
				CLANG_WARN_OBJC_LITERAL_CONVERSION = YES;
				CLANG_WARN_OBJC_ROOT_CLASS = YES_ERROR;
				CLANG_WARN_RANGE_LOOP_ANALYSIS = YES;
				CLANG_WARN_STRICT_PROTOTYPES = YES;
				CLANG_WARN_SUSPICIOUS_MOVE = YES;
				CLANG_WARN_UNGUARDED_AVAILABILITY = YES_AGGRESSIVE;
				CLANG_WARN_UNREACHABLE_CODE = YES;
				CLANG_WARN__DUPLICATE_METHOD_MATCH = YES;
				COPY_PHASE_STRIP = NO;
				DEBUG_INFORMATION_FORMAT = dwarf;
				ENABLE_STRICT_OBJC_MSGSEND = YES;
				ENABLE_TESTABILITY = YES;
				GCC_C_LANGUAGE_STANDARD = gnu11;
				GCC_DYNAMIC_NO_PIC = NO;
				GCC_NO_COMMON_BLOCKS = YES;
				GCC_OPTIMIZATION_LEVEL = 0;
				GCC_PREPROCESSOR_DEFINITIONS = (
					"DEBUG=1",
					"$(inherited)",
				);
				GCC_WARN_64_TO_32_BIT_CONVERSION = YES;
				GCC_WARN_ABOUT_RETURN_TYPE = YES_ERROR;
				GCC_WARN_UNDECLARED_SELECTOR = YES;
				GCC_WARN_UNINITIALIZED_AUTOS = YES_AGGRESSIVE;
				GCC_WARN_UNUSED_FUNCTION = YES;
				GCC_WARN_UNUSED_VARIABLE = YES;
				IPHONEOS_DEPLOYMENT_TARGET = 13.2;
				MTL_ENABLE_DEBUG_INFO = INCLUDE_SOURCE;
				MTL_FAST_MATH = YES;
				ONLY_ACTIVE_ARCH = YES;
				SDKROOT = iphoneos;
				SWIFT_ACTIVE_COMPILATION_CONDITIONS = DEBUG;
				SWIFT_OPTIMIZATION_LEVEL = "-Onone";
			};
			name = Debug;
		};
		1D236D142430204B00BF3412 /* Release */ = {
			isa = XCBuildConfiguration;
			buildSettings = {
				ALWAYS_SEARCH_USER_PATHS = NO;
				CLANG_ANALYZER_NONNULL = YES;
				CLANG_ANALYZER_NUMBER_OBJECT_CONVERSION = YES_AGGRESSIVE;
				CLANG_CXX_LANGUAGE_STANDARD = "gnu++14";
				CLANG_CXX_LIBRARY = "libc++";
				CLANG_ENABLE_MODULES = YES;
				CLANG_ENABLE_OBJC_ARC = YES;
				CLANG_ENABLE_OBJC_WEAK = YES;
				CLANG_WARN_BLOCK_CAPTURE_AUTORELEASING = YES;
				CLANG_WARN_BOOL_CONVERSION = YES;
				CLANG_WARN_COMMA = YES;
				CLANG_WARN_CONSTANT_CONVERSION = YES;
				CLANG_WARN_DEPRECATED_OBJC_IMPLEMENTATIONS = YES;
				CLANG_WARN_DIRECT_OBJC_ISA_USAGE = YES_ERROR;
				CLANG_WARN_DOCUMENTATION_COMMENTS = YES;
				CLANG_WARN_EMPTY_BODY = YES;
				CLANG_WARN_ENUM_CONVERSION = YES;
				CLANG_WARN_INFINITE_RECURSION = YES;
				CLANG_WARN_INT_CONVERSION = YES;
				CLANG_WARN_NON_LITERAL_NULL_CONVERSION = YES;
				CLANG_WARN_OBJC_IMPLICIT_RETAIN_SELF = YES;
				CLANG_WARN_OBJC_LITERAL_CONVERSION = YES;
				CLANG_WARN_OBJC_ROOT_CLASS = YES_ERROR;
				CLANG_WARN_RANGE_LOOP_ANALYSIS = YES;
				CLANG_WARN_STRICT_PROTOTYPES = YES;
				CLANG_WARN_SUSPICIOUS_MOVE = YES;
				CLANG_WARN_UNGUARDED_AVAILABILITY = YES_AGGRESSIVE;
				CLANG_WARN_UNREACHABLE_CODE = YES;
				CLANG_WARN__DUPLICATE_METHOD_MATCH = YES;
				COPY_PHASE_STRIP = NO;
				DEBUG_INFORMATION_FORMAT = "dwarf-with-dsym";
				ENABLE_NS_ASSERTIONS = NO;
				ENABLE_STRICT_OBJC_MSGSEND = YES;
				GCC_C_LANGUAGE_STANDARD = gnu11;
				GCC_NO_COMMON_BLOCKS = YES;
				GCC_WARN_64_TO_32_BIT_CONVERSION = YES;
				GCC_WARN_ABOUT_RETURN_TYPE = YES_ERROR;
				GCC_WARN_UNDECLARED_SELECTOR = YES;
				GCC_WARN_UNINITIALIZED_AUTOS = YES_AGGRESSIVE;
				GCC_WARN_UNUSED_FUNCTION = YES;
				GCC_WARN_UNUSED_VARIABLE = YES;
				IPHONEOS_DEPLOYMENT_TARGET = 13.2;
				MTL_ENABLE_DEBUG_INFO = NO;
				MTL_FAST_MATH = YES;
				SDKROOT = iphoneos;
				SWIFT_COMPILATION_MODE = wholemodule;
				SWIFT_OPTIMIZATION_LEVEL = "-O";
				VALIDATE_PRODUCT = YES;
			};
			name = Release;
		};
		1D236D162430204B00BF3412 /* Debug */ = {
			isa = XCBuildConfiguration;
			baseConfigurationReference = 5D5F46816E86C94E33E75328 /* Pods-Drinkz.debug.xcconfig */;
			buildSettings = {
				ASSETCATALOG_COMPILER_APPICON_NAME = AppIcon;
				CODE_SIGN_STYLE = Automatic;
				DEVELOPMENT_TEAM = 6YGH9XK378;
				INFOPLIST_FILE = Drinkz/Info.plist;
				LD_RUNPATH_SEARCH_PATHS = (
					"$(inherited)",
					"@executable_path/Frameworks",
				);
				PRODUCT_BUNDLE_IDENTIFIER = businessIdea.Drinkz;
				PRODUCT_NAME = "$(TARGET_NAME)";
				SWIFT_VERSION = 5.0;
				TARGETED_DEVICE_FAMILY = "1,2";
			};
			name = Debug;
		};
		1D236D172430204B00BF3412 /* Release */ = {
			isa = XCBuildConfiguration;
			baseConfigurationReference = E8B3313C643411894E32E613 /* Pods-Drinkz.release.xcconfig */;
			buildSettings = {
				ASSETCATALOG_COMPILER_APPICON_NAME = AppIcon;
				CODE_SIGN_STYLE = Automatic;
				DEVELOPMENT_TEAM = 6YGH9XK378;
				INFOPLIST_FILE = Drinkz/Info.plist;
				LD_RUNPATH_SEARCH_PATHS = (
					"$(inherited)",
					"@executable_path/Frameworks",
				);
				PRODUCT_BUNDLE_IDENTIFIER = businessIdea.Drinkz;
				PRODUCT_NAME = "$(TARGET_NAME)";
				SWIFT_VERSION = 5.0;
				TARGETED_DEVICE_FAMILY = "1,2";
			};
			name = Release;
		};
/* End XCBuildConfiguration section */

/* Begin XCConfigurationList section */
		1D236CF92430204800BF3412 /* Build configuration list for PBXProject "Drinkz" */ = {
			isa = XCConfigurationList;
			buildConfigurations = (
				1D236D132430204B00BF3412 /* Debug */,
				1D236D142430204B00BF3412 /* Release */,
			);
			defaultConfigurationIsVisible = 0;
			defaultConfigurationName = Release;
		};
		1D236D152430204B00BF3412 /* Build configuration list for PBXNativeTarget "Drinkz" */ = {
			isa = XCConfigurationList;
			buildConfigurations = (
				1D236D162430204B00BF3412 /* Debug */,
				1D236D172430204B00BF3412 /* Release */,
			);
			defaultConfigurationIsVisible = 0;
			defaultConfigurationName = Release;
		};
/* End XCConfigurationList section */

/* Begin XCVersionGroup section */
		1D236D0A2430204800BF3412 /* Drinkz.xcdatamodeld */ = {
			isa = XCVersionGroup;
			children = (
				1D236D0B2430204800BF3412 /* Drinkz.xcdatamodel */,
			);
			currentVersion = 1D236D0B2430204800BF3412 /* Drinkz.xcdatamodel */;
			path = Drinkz.xcdatamodeld;
			sourceTree = "<group>";
			versionGroupType = wrapper.xcdatamodel;
		};
/* End XCVersionGroup section */
	};
	rootObject = 1D236CF62430204800BF3412 /* Project object */;
}
